<?xml version="1.0" encoding="utf-8"?>
<Project ToolsVersion="4.0" xmlns="http://schemas.microsoft.com/developer/msbuild/2003">
  <ItemGroup>
    <Filter Include="Quelldateien">
      <UniqueIdentifier>{4FC737F1-C7A5-4376-A066-2A32D752A2FF}</UniqueIdentifier>
      <Extensions>cpp;c;cc;cxx;def;odl;idl;hpj;bat;asm;asmx</Extensions>
    </Filter>
    <Filter Include="Headerdateien">
      <UniqueIdentifier>{93995380-89BD-4b04-88EB-625FBE52EBFB}</UniqueIdentifier>
      <Extensions>h;hh;hpp;hxx;hm;inl;inc;ipp;xsd</Extensions>
    </Filter>
    <Filter Include="Ressourcendateien">
      <UniqueIdentifier>{67DA6AB6-F800-4c08-8B7A-83BB121AAD01}</UniqueIdentifier>
      <Extensions>rc;ico;cur;bmp;dlg;rc2;rct;bin;rgs;gif;jpg;jpeg;jpe;resx;tiff;tif;png;wav;mfcribbon-ms</Extensions>
    </Filter>
    <Filter Include="Quelldateien\Functions">
      <UniqueIdentifier>{6a940f89-a626-4ee6-8f0b-66b036fdc2fe}</UniqueIdentifier>
    </Filter>
    <Filter Include="Quelldateien\GameObject">
      <UniqueIdentifier>{6c1fdc59-8a21-427c-8aea-ec0df6e981cc}</UniqueIdentifier>
    </Filter>
    <Filter Include="Quelldateien\GameObject\Spell Related">
      <UniqueIdentifier>{0c14136b-d74b-461b-8985-7e63a9b26159}</UniqueIdentifier>
    </Filter>
    <Filter Include="Headerdateien\Renderer">
      <UniqueIdentifier>{736845f8-1465-4ae9-9d1d-4e395ef3ad9a}</UniqueIdentifier>
    </Filter>
  </ItemGroup>
  <ItemGroup>
    <ClInclude Include="framework.h">
      <Filter>Headerdateien</Filter>
    </ClInclude>
    <ClInclude Include="pch.h">
      <Filter>Headerdateien</Filter>
    </ClInclude>
    <ClInclude Include="OffsetsManager.h">
      <Filter>Headerdateien</Filter>
    </ClInclude>
    <ClInclude Include="stdafx.h">
      <Filter>Headerdateien</Filter>
    </ClInclude>
    <ClInclude Include="Vector.h">
      <Filter>Headerdateien</Filter>
    </ClInclude>
    <ClInclude Include="Engine.h">
      <Filter>Quelldateien\Functions</Filter>
    </ClInclude>
    <ClInclude Include="GameFunctions.h">
      <Filter>Quelldateien\Functions</Filter>
    </ClInclude>
    <ClInclude Include="StaticEnums.h">
      <Filter>Headerdateien</Filter>
    </ClInclude>
    <ClInclude Include="ObjectManager.h">
      <Filter>Quelldateien\GameObject</Filter>
    </ClInclude>
    <ClInclude Include="Object.h">
      <Filter>Quelldateien\GameObject</Filter>
    </ClInclude>
    <ClInclude Include="Modules.h">
      <Filter>Headerdateien</Filter>
    </ClInclude>
    <ClInclude Include="Orbwalk.h">
      <Filter>Headerdateien</Filter>
    </ClInclude>
    <ClInclude Include="CSpellCastInfo.h">
      <Filter>Quelldateien\GameObject\Spell Related</Filter>
    </ClInclude>
    <ClInclude Include="CSpellData.h">
      <Filter>Quelldateien\GameObject\Spell Related</Filter>
    </ClInclude>
    <ClInclude Include="d3dx9math.h">
      <Filter>Headerdateien</Filter>
    </ClInclude>
  </ItemGroup>
  <ItemGroup>
    <ClCompile Include="pch.cpp">
      <Filter>Quelldateien</Filter>
    </ClCompile>
    <ClCompile Include="Orbwalker.cpp">
      <Filter>Quelldateien</Filter>
    </ClCompile>
    <ClCompile Include="Functions.cpp">
      <Filter>Quelldateien\Functions</Filter>
    </ClCompile>
  </ItemGroup>
  <ItemGroup>
    <None Include="cpp.hint" />
  </ItemGroup>
</Project>